
Microsoft Visual Studio Solution File, Format Version 12.00
# Visual Studio 15
VisualStudioVersion = 15.0.28307.421
MinimumVisualStudioVersion = 10.0.40219.1
Project("{9A19103F-16F7-4668-BE54-9A1E7A4F7556}") = "WebApi", "WebApi\WebApi.csproj", "{0A624DCC-A617-4DC4-AB4B-F6B939CA3EDC}"
EndProject
Project("{FAE04EC0-301F-11D3-BF4B-00C04F79EFBC}") = "FAndradeTecInfo.Utils", "..\..\_Resource\FandradeTecInfoUtils\FAndradeTecInfo.Utils.csproj", "{D27F1821-F7C8-4D31-BE57-8452279F0B4C}"
EndProject
Project("{FAE04EC0-301F-11D3-BF4B-00C04F79EFBC}") = "WebApi.Integrations", "..\..\_Resource\WebApiIntegrations\Code\WebApi.Integrations\WebApi.Integrations.csproj", "{C98CDF31-006B-4488-86D7-8212D9985A3A}"
EndProject
Global
	GlobalSection(SolutionConfigurationPlatforms) = preSolution
		Debug|Any CPU = Debug|Any CPU
		Release|Any CPU = Release|Any CPU
	EndGlobalSection
	GlobalSection(ProjectConfigurationPlatforms) = postSolution
		{0A624DCC-A617-4DC4-AB4B-F6B939CA3EDC}.Debug|Any CPU.ActiveCfg = Debug|Any CPU
		{0A624DCC-A617-4DC4-AB4B-F6B939CA3EDC}.Debug|Any CPU.Build.0 = Debug|Any CPU
		{0A624DCC-A617-4DC4-AB4B-F6B939CA3EDC}.Release|Any CPU.ActiveCfg = Release|Any CPU
		{0A624DCC-A617-4DC4-AB4B-F6B939CA3EDC}.Release|Any CPU.Build.0 = Release|Any CPU
		{D27F1821-F7C8-4D31-BE57-8452279F0B4C}.Debug|Any CPU.ActiveCfg = Debug|Any CPU
		{D27F1821-F7C8-4D31-BE57-8452279F0B4C}.Debug|Any CPU.Build.0 = Debug|Any CPU
		{D27F1821-F7C8-4D31-BE57-8452279F0B4C}.Release|Any CPU.ActiveCfg = Release|Any CPU
		{D27F1821-F7C8-4D31-BE57-8452279F0B4C}.Release|Any CPU.Build.0 = Release|Any CPU
		{C98CDF31-006B-4488-86D7-8212D9985A3A}.Debug|Any CPU.ActiveCfg = Debug|Any CPU
		{C98CDF31-006B-4488-86D7-8212D9985A3A}.Debug|Any CPU.Build.0 = Debug|Any CPU
		{C98CDF31-006B-4488-86D7-8212D9985A3A}.Release|Any CPU.ActiveCfg = Release|Any CPU
		{C98CDF31-006B-4488-86D7-8212D9985A3A}.Release|Any CPU.Build.0 = Release|Any CPU
	EndGlobalSection
	GlobalSection(SolutionProperties) = preSolution
		HideSolutionNode = FALSE
	EndGlobalSection
	GlobalSection(ExtensibilityGlobals) = postSolution
		SolutionGuid = {D997C88A-37D4-47B0-AB42-61C941AEE98C}
	EndGlobalSection
EndGlobal
